git.zyria.de/pyrox/hugo-default-coder v0.0.0-20251209195539-73f7322e71ee h1:vpWbASVCDM3EqN1kFCopXXDuzvnXOm8kImFYBKnTBco=
git.zyria.de/pyrox/hugo-default-coder v0.0.0-20251209195539-73f7322e71ee/go.mod h1:Y7qQuCK09h4tITlXuem2aXju0GL6/phMWq1/uy0uewk=
git.zyria.de/pyrox/hugo-default-coder v0.0.0-20260212101413-04cc05a05922 h1:v+0DLloZFNKeXIv9QXvSIcU89/uhlArnQ+aIcuTgOGo=
git.zyria.de/pyrox/hugo-default-coder v0.0.0-20260212101413-04cc05a05922/go.mod h1:Y7qQuCK09h4tITlXuem2aXju0GL6/phMWq1/uy0uewk=
git.zyria.de/pyrox/hugo-legal v0.0.0-20251209195525-2588e0797708 h1:7SZLvarxKd+QDaGRh+zxm4IHbOOF+IP+ogbkOeWIs18=
git.zyria.de/pyrox/hugo-legal v0.0.0-20251209195525-2588e0797708/go.mod h1:1MFdE30Bzx583p3qHNQCQPOG2pMoDmms/4xqYiUtqOk=
git.zyria.de/pyrox/hugo-legal v0.0.0-20260211191239-1d45e688fae2 h1:/BtQ9ny5PLWbjRSIrNEBDSQfW5AILH8PHSqFJvYHsBg=
git.zyria.de/pyrox/hugo-legal v0.0.0-20260211191239-1d45e688fae2/go.mod h1:1MFdE30Bzx583p3qHNQCQPOG2pMoDmms/4xqYiUtqOk=
git.zyria.de/pyrox/hugo-shortcodes v0.0.0-20251209195511-ca70feb204fb h1:wkD2F206C+5Hd/YhBsKdxb3lzejS4hLMUq+BvhGO5Mw=
git.zyria.de/pyrox/hugo-shortcodes v0.0.0-20251209195511-ca70feb204fb/go.mod h1:V2R75xLAXqOdvHSkKtqc0AqaCUof6704G2ELS6Huis4=
git.zyria.de/pyrox/hugo-shortcodes v0.0.0-20260211191354-c896f7c1ac63 h1:KiyEi/9N6Omzvpbpfwgrg/lnn2ndlaCTslsSuFD2JU0=
git.zyria.de/pyrox/hugo-shortcodes v0.0.0-20260211191354-c896f7c1ac63/go.mod h1:V2R75xLAXqOdvHSkKtqc0AqaCUof6704G2ELS6Huis4=
git.zyria.de/pyrox/k3s-prod v0.0.0-20251210070853-ec9c6f323dc5 h1:goTqNsIiMl2ob0YH/UB52mvy+hnWWfUj3qSiC+se44U=
git.zyria.de/pyrox/k3s-prod v0.0.0-20251210070853-ec9c6f323dc5/go.mod h1:lM6OkgyZUD2079ubnXJYR7VJUxPW3peobWUYXCHfIBE=
git.zyria.de/pyrox/k3s-prod v0.0.0-20260212000700-36d5c24260db h1:OPL3Wgp0+aoRJfzB9uvfOpdEC/AAqpU/6v1rU2AXngY=
git.zyria.de/pyrox/k3s-prod v0.0.0-20260212000700-36d5c24260db/go.mod h1:lM6OkgyZUD2079ubnXJYR7VJUxPW3peobWUYXCHfIBE=
github.com/hugomods/shortcodes v0.25.1 h1:JQZ/Kw9aOlFVnDiDgXsSqiu8gLFXAM7tQn+TYr8q2bc=
github.com/hugomods/shortcodes v0.25.1/go.mod h1:EnVopbZMNI/HeteM3Lp3phBTCRLvPSe7l142qhRFFPY=
github.com/nunocoracao/blowfish/v2 v2.93.0 h1:Icew7jladCzzfEVFmxP8rZWodDdE2moPAJZhfJvT8vU=
github.com/nunocoracao/blowfish/v2 v2.93.0/go.mod h1:4SkMc+Ht8gpQCwArqiHMBDP3soxi2OWuAhVney+cuyk=
github.com/nunocoracao/blowfish/v2 v2.98.0 h1:2k/f19NwAlhEIq08WOOgbYB4LlzWF2YEhoDoflSH0eU=
github.com/nunocoracao/blowfish/v2 v2.98.0/go.mod h1:4SkMc+Ht8gpQCwArqiHMBDP3soxi2OWuAhVney+cuyk=
