git.zyria.de/pyrox/hugo-default-coder v0.0.0-20260309000455-c131cfc1ed6a h1:RbkZZwkP/rxEG0YU/DGKCZ7Y5XjR/MBFhnFeyTdVaM4=
git.zyria.de/pyrox/hugo-default-coder v0.0.0-20260309000455-c131cfc1ed6a/go.mod h1:Y7qQuCK09h4tITlXuem2aXju0GL6/phMWq1/uy0uewk=
git.zyria.de/pyrox/hugo-legal v0.0.0-20260308121640-8cab9fd30eb1 h1:nDp1DJijJwMjVgopmCGfyAEs487UHXwPPXDVHdumi3s=
git.zyria.de/pyrox/hugo-legal v0.0.0-20260308121640-8cab9fd30eb1/go.mod h1:1MFdE30Bzx583p3qHNQCQPOG2pMoDmms/4xqYiUtqOk=
git.zyria.de/pyrox/hugo-shortcodes v0.0.0-20260308121636-80325893bad2 h1:9x8n+9XxebQ8hK4Hm60h53ZsvFfCGPCOBq+MFAk53oo=
git.zyria.de/pyrox/hugo-shortcodes v0.0.0-20260308121636-80325893bad2/go.mod h1:V2R75xLAXqOdvHSkKtqc0AqaCUof6704G2ELS6Huis4=
git.zyria.de/pyrox/k3s-prod v0.0.0-20260316061243-1f80559dca60 h1:wfsfolhX2KaniocB+7fxAiySTTYDffSDnkIQpQ/hyII=
git.zyria.de/pyrox/k3s-prod v0.0.0-20260316061243-1f80559dca60/go.mod h1:lM6OkgyZUD2079ubnXJYR7VJUxPW3peobWUYXCHfIBE=
github.com/hugomods/shortcodes v0.25.1 h1:JQZ/Kw9aOlFVnDiDgXsSqiu8gLFXAM7tQn+TYr8q2bc=
github.com/hugomods/shortcodes v0.25.1/go.mod h1:EnVopbZMNI/HeteM3Lp3phBTCRLvPSe7l142qhRFFPY=
github.com/nunocoracao/blowfish/v2 v2.100.0 h1:zO/23g/EXcHOMT+baq9ssU+5o1qXqWRCdc5WZgckHwI=
github.com/nunocoracao/blowfish/v2 v2.100.0/go.mod h1:4SkMc+Ht8gpQCwArqiHMBDP3soxi2OWuAhVney+cuyk=
